
Microsoft Visual Studio Solution File, Format Version 12.00
# Visual Studio Version 16
VisualStudioVersion = 16.0.30611.23
MinimumVisualStudioVersion = 10.0.40219.1
Project("{FAE04EC0-301F-11D3-BF4B-00C04F79EFBC}") = "Steganografie", "Steganografie\Steganografie.csproj", "{3B91C666-CC70-47FC-94DD-604D63BE57C0}"
EndProject
Global
	GlobalSection(SolutionConfigurationPlatforms) = preSolution
		Debug|Any CPU = Debug|Any CPU
		Release|Any CPU = Release|Any CPU
	EndGlobalSection
	GlobalSection(ProjectConfigurationPlatforms) = postSolution
		{3B91C666-CC70-47FC-94DD-604D63BE57C0}.Debug|Any CPU.ActiveCfg = Debug|Any CPU
		{3B91C666-CC70-47FC-94DD-604D63BE57C0}.Debug|Any CPU.Build.0 = Debug|Any CPU
		{3B91C666-CC70-47FC-94DD-604D63BE57C0}.Release|Any CPU.ActiveCfg = Release|Any CPU
		{3B91C666-CC70-47FC-94DD-604D63BE57C0}.Release|Any CPU.Build.0 = Release|Any CPU
	EndGlobalSection
	GlobalSection(SolutionProperties) = preSolution
		HideSolutionNode = FALSE
	EndGlobalSection
	GlobalSection(ExtensibilityGlobals) = postSolution
		SolutionGuid = {F186F66D-1476-40FD-83DA-C45F0545458B}
	EndGlobalSection
EndGlobal
